// !$*UTF8*$!
{
	archiveVersion = 1;
	classes = {
	};
	objectVersion = 50;
	objects = {

/* Begin PBXBuildFile section */
		2B6C598C216135AA00D83D2C /* FeaturesController.swift in Sources */ = {isa = PBXBuildFile; fileRef = 2B6C598B216135AA00D83D2C /* FeaturesController.swift */; };
		2B6C599121613EA900D83D2C /* SubtitlesController.swift in Sources */ = {isa = PBXBuildFile; fileRef = 2B6C599021613EA900D83D2C /* SubtitlesController.swift */; };
		2B6C59952161430F00D83D2C /* FeatureCell.swift in Sources */ = {isa = PBXBuildFile; fileRef = 2B6C59942161430F00D83D2C /* FeatureCell.swift */; };
		2B6C599821614CFE00D83D2C /* UIColor+Hex.swift in Sources */ = {isa = PBXBuildFile; fileRef = 2B6C599721614CFE00D83D2C /* UIColor+Hex.swift */; };
		2BE9966D21601025000B8C12 /* AppDelegate.swift in Sources */ = {isa = PBXBuildFile; fileRef = 2BE9966C21601025000B8C12 /* AppDelegate.swift */; };
		2BE9967421601026000B8C12 /* Assets.xcassets in Resources */ = {isa = PBXBuildFile; fileRef = 2BE9967321601026000B8C12 /* Assets.xcassets */; };
		2BE9967721601026000B8C12 /* LaunchScreen.storyboard in Resources */ = {isa = PBXBuildFile; fileRef = 2BE9967521601026000B8C12 /* LaunchScreen.storyboard */; };
		2BE9967F216010A2000B8C12 /* THEOplayerSDK.framework in Frameworks */ = {isa = PBXBuildFile; fileRef = 2BE9967E216010A2000B8C12 /* THEOplayerSDK.framework */; };
		2BE99680216010A2000B8C12 /* THEOplayerSDK.framework in Embed Frameworks */ = {isa = PBXBuildFile; fileRef = 2BE9967E216010A2000B8C12 /* THEOplayerSDK.framework */; settings = {ATTRIBUTES = (CodeSignOnCopy, RemoveHeadersOnCopy, ); }; };
		562EB17D20C0D062AF165CB1 /* Pods_THEOPlayerDemo.framework in Frameworks */ = {isa = PBXBuildFile; fileRef = 81671C8CF6B671AC94C7E4C9 /* Pods_THEOPlayerDemo.framework */; };
/* End PBXBuildFile section */

/* Begin PBXCopyFilesBuildPhase section */
		2BE99681216010A2000B8C12 /* Embed Frameworks */ = {
			isa = PBXCopyFilesBuildPhase;
			buildActionMask = 2147483647;
			dstPath = "";
			dstSubfolderSpec = 10;
			files = (
				2BE99680216010A2000B8C12 /* THEOplayerSDK.framework in Embed Frameworks */,
			);
			name = "Embed Frameworks";
			runOnlyForDeploymentPostprocessing = 0;
		};
/* End PBXCopyFilesBuildPhase section */

/* Begin PBXFileReference section */
		2B6C598B216135AA00D83D2C /* FeaturesController.swift */ = {isa = PBXFileReference; lastKnownFileType = sourcecode.swift; path = FeaturesController.swift; sourceTree = "<group>"; };
		2B6C599021613EA900D83D2C /* SubtitlesController.swift */ = {isa = PBXFileReference; lastKnownFileType = sourcecode.swift; path = SubtitlesController.swift; sourceTree = "<group>"; };
		2B6C59942161430F00D83D2C /* FeatureCell.swift */ = {isa = PBXFileReference; lastKnownFileType = sourcecode.swift; path = FeatureCell.swift; sourceTree = "<group>"; };
		2B6C599721614CFE00D83D2C /* UIColor+Hex.swift */ = {isa = PBXFileReference; lastKnownFileType = sourcecode.swift; path = "UIColor+Hex.swift"; sourceTree = "<group>"; };
		2BE9966921601025000B8C12 /* THEOPlayerDemo.app */ = {isa = PBXFileReference; explicitFileType = wrapper.application; includeInIndex = 0; path = THEOPlayerDemo.app; sourceTree = BUILT_PRODUCTS_DIR; };
		2BE9966C21601025000B8C12 /* AppDelegate.swift */ = {isa = PBXFileReference; lastKnownFileType = sourcecode.swift; path = AppDelegate.swift; sourceTree = "<group>"; };
		2BE9967321601026000B8C12 /* Assets.xcassets */ = {isa = PBXFileReference; lastKnownFileType = folder.assetcatalog; path = Assets.xcassets; sourceTree = "<group>"; };
		2BE9967621601026000B8C12 /* Base */ = {isa = PBXFileReference; lastKnownFileType = file.storyboard; name = Base; path = Base.lproj/LaunchScreen.storyboard; sourceTree = "<group>"; };
		2BE9967821601026000B8C12 /* Info.plist */ = {isa = PBXFileReference; lastKnownFileType = text.plist.xml; path = Info.plist; sourceTree = "<group>"; };
		2BE9967E216010A2000B8C12 /* THEOplayerSDK.framework */ = {isa = PBXFileReference; lastKnownFileType = wrapper.framework; path = THEOplayerSDK.framework; sourceTree = "<group>"; };
		494C09078971DCFA2935F5EA /* Pods-THEOPlayerDemo.release.xcconfig */ = {isa = PBXFileReference; includeInIndex = 1; lastKnownFileType = text.xcconfig; name = "Pods-THEOPlayerDemo.release.xcconfig"; path = "Pods/Target Support Files/Pods-THEOPlayerDemo/Pods-THEOPlayerDemo.release.xcconfig"; sourceTree = "<group>"; };
		81671C8CF6B671AC94C7E4C9 /* Pods_THEOPlayerDemo.framework */ = {isa = PBXFileReference; explicitFileType = wrapper.framework; includeInIndex = 0; path = Pods_THEOPlayerDemo.framework; sourceTree = BUILT_PRODUCTS_DIR; };
		98EBDA7CFC00CEEB9A2618F5 /* Pods-THEOPlayerDemo.debug.xcconfig */ = {isa = PBXFileReference; includeInIndex = 1; lastKnownFileType = text.xcconfig; name = "Pods-THEOPlayerDemo.debug.xcconfig"; path = "Pods/Target Support Files/Pods-THEOPlayerDemo/Pods-THEOPlayerDemo.debug.xcconfig"; sourceTree = "<group>"; };
/* End PBXFileReference section */

/* Begin PBXFrameworksBuildPhase section */
		2BE9966621601025000B8C12 /* Frameworks */ = {
			isa = PBXFrameworksBuildPhase;
			buildActionMask = 2147483647;
			files = (
				2BE9967F216010A2000B8C12 /* THEOplayerSDK.framework in Frameworks */,
				562EB17D20C0D062AF165CB1 /* Pods_THEOPlayerDemo.framework in Frameworks */,
			);
			runOnlyForDeploymentPostprocessing = 0;
		};
/* End PBXFrameworksBuildPhase section */

/* Begin PBXGroup section */
		2B6C598A2161356B00D83D2C /* Controllers */ = {
			isa = PBXGroup;
			children = (
				2B6C598B216135AA00D83D2C /* FeaturesController.swift */,
				2B6C599021613EA900D83D2C /* SubtitlesController.swift */,
			);
			path = Controllers;
			sourceTree = "<group>";
		};
		2B6C5993216142F200D83D2C /* Cells */ = {
			isa = PBXGroup;
			children = (
				2B6C59942161430F00D83D2C /* FeatureCell.swift */,
			);
			path = Cells;
			sourceTree = "<group>";
		};
		2B6C599621614CE200D83D2C /* Extensions */ = {
			isa = PBXGroup;
			children = (
				2B6C599721614CFE00D83D2C /* UIColor+Hex.swift */,
			);
			path = Extensions;
			sourceTree = "<group>";
		};
		2BE9966021601025000B8C12 = {
			isa = PBXGroup;
			children = (
				2BE9966B21601025000B8C12 /* THEOPlayerDemo */,
				2BE9966A21601025000B8C12 /* Products */,
				2BE9967E216010A2000B8C12 /* THEOplayerSDK.framework */,
				3FF7E4B09404B7B359F25EE7 /* Pods */,
				B9D2F57AE7E20E0B9BD8FD9F /* Frameworks */,
			);
			sourceTree = "<group>";
		};
		2BE9966A21601025000B8C12 /* Products */ = {
			isa = PBXGroup;
			children = (
				2BE9966921601025000B8C12 /* THEOPlayerDemo.app */,
			);
			name = Products;
			sourceTree = "<group>";
		};
		2BE9966B21601025000B8C12 /* THEOPlayerDemo */ = {
			isa = PBXGroup;
			children = (
				2B6C599621614CE200D83D2C /* Extensions */,
				2B6C5993216142F200D83D2C /* Cells */,
				2B6C598A2161356B00D83D2C /* Controllers */,
				2BE9966C21601025000B8C12 /* AppDelegate.swift */,
				2BE9967321601026000B8C12 /* Assets.xcassets */,
				2BE9967521601026000B8C12 /* LaunchScreen.storyboard */,
				2BE9967821601026000B8C12 /* Info.plist */,
			);
			path = THEOPlayerDemo;
			sourceTree = "<group>";
		};
		3FF7E4B09404B7B359F25EE7 /* Pods */ = {
			isa = PBXGroup;
			children = (
				98EBDA7CFC00CEEB9A2618F5 /* Pods-THEOPlayerDemo.debug.xcconfig */,
				494C09078971DCFA2935F5EA /* Pods-THEOPlayerDemo.release.xcconfig */,
			);
			name = Pods;
			sourceTree = "<group>";
		};
		B9D2F57AE7E20E0B9BD8FD9F /* Frameworks */ = {
			isa = PBXGroup;
			children = (
				81671C8CF6B671AC94C7E4C9 /* Pods_THEOPlayerDemo.framework */,
			);
			name = Frameworks;
			sourceTree = "<group>";
		};
/* End PBXGroup section */

/* Begin PBXNativeTarget section */
		2BE9966821601025000B8C12 /* THEOPlayerDemo */ = {
			isa = PBXNativeTarget;
			buildConfigurationList = 2BE9967B21601026000B8C12 /* Build configuration list for PBXNativeTarget "THEOPlayerDemo" */;
			buildPhases = (
				8E1A248C7B087B8A450D1179 /* [CP] Check Pods Manifest.lock */,
				2BE9966521601025000B8C12 /* Sources */,
				2BE9966621601025000B8C12 /* Frameworks */,
				2BE9966721601025000B8C12 /* Resources */,
				2BE99681216010A2000B8C12 /* Embed Frameworks */,
				865682FE8D4639CF773690FA /* [CP] Embed Pods Frameworks */,
				9BD5CCEBBCB3C17C2C6D8CB0 /* [CP] Copy Pods Resources */,
			);
			buildRules = (
			);
			dependencies = (
			);
			name = THEOPlayerDemo;
			productName = THEOPlayerDemo;
			productReference = 2BE9966921601025000B8C12 /* THEOPlayerDemo.app */;
			productType = "com.apple.product-type.application";
		};
/* End PBXNativeTarget section */

/* Begin PBXProject section */
		2BE9966121601025000B8C12 /* Project object */ = {
			isa = PBXProject;
			attributes = {
				LastSwiftUpdateCheck = 1000;
				LastUpgradeCheck = 1000;
				ORGANIZATIONNAME = Slobo;
				TargetAttributes = {
					2BE9966821601025000B8C12 = {
						CreatedOnToolsVersion = 10.0;
					};
				};
			};
			buildConfigurationList = 2BE9966421601025000B8C12 /* Build configuration list for PBXProject "THEOPlayerDemo" */;
			compatibilityVersion = "Xcode 9.3";
			developmentRegion = en;
			hasScannedForEncodings = 0;
			knownRegions = (
				en,
				Base,
			);
			mainGroup = 2BE9966021601025000B8C12;
			productRefGroup = 2BE9966A21601025000B8C12 /* Products */;
			projectDirPath = "";
			projectRoot = "";
			targets = (
				2BE9966821601025000B8C12 /* THEOPlayerDemo */,
			);
		};
/* End PBXProject section */

/* Begin PBXResourcesBuildPhase section */
		2BE9966721601025000B8C12 /* Resources */ = {
			isa = PBXResourcesBuildPhase;
			buildActionMask = 2147483647;
			files = (
				2BE9967721601026000B8C12 /* LaunchScreen.storyboard in Resources */,
				2BE9967421601026000B8C12 /* Assets.xcassets in Resources */,
			);
			runOnlyForDeploymentPostprocessing = 0;
		};
/* End PBXResourcesBuildPhase section */

/* Begin PBXShellScriptBuildPhase section */
		865682FE8D4639CF773690FA /* [CP] Embed Pods Frameworks */ = {
			isa = PBXShellScriptBuildPhase;
			buildActionMask = 2147483647;
			files = (
			);
			inputFileListPaths = (
			);
			inputPaths = (
				"${SRCROOT}/Pods/Target Support Files/Pods-THEOPlayerDemo/Pods-THEOPlayerDemo-frameworks.sh",
				"${BUILT_PRODUCTS_DIR}/Protobuf/Protobuf.framework",
			);
			name = "[CP] Embed Pods Frameworks";
			outputFileListPaths = (
			);
			outputPaths = (
				"${TARGET_BUILD_DIR}/${FRAMEWORKS_FOLDER_PATH}/Protobuf.framework",
			);
			runOnlyForDeploymentPostprocessing = 0;
			shellPath = /bin/sh;
			shellScript = "\"${SRCROOT}/Pods/Target Support Files/Pods-THEOPlayerDemo/Pods-THEOPlayerDemo-frameworks.sh\"\n";
			showEnvVarsInLog = 0;
		};
		8E1A248C7B087B8A450D1179 /* [CP] Check Pods Manifest.lock */ = {
			isa = PBXShellScriptBuildPhase;
			buildActionMask = 2147483647;
			files = (
			);
			inputFileListPaths = (
			);
			inputPaths = (
				"${PODS_PODFILE_DIR_PATH}/Podfile.lock",
				"${PODS_ROOT}/Manifest.lock",
			);
			name = "[CP] Check Pods Manifest.lock";
			outputFileListPaths = (
			);
			outputPaths = (
				"$(DERIVED_FILE_DIR)/Pods-THEOPlayerDemo-checkManifestLockResult.txt",
			);
			runOnlyForDeploymentPostprocessing = 0;
			shellPath = /bin/sh;
			shellScript = "diff \"${PODS_PODFILE_DIR_PATH}/Podfile.lock\" \"${PODS_ROOT}/Manifest.lock\" > /dev/null\nif [ $? != 0 ] ; then\n    # print error to STDERR\n    echo \"error: The sandbox is not in sync with the Podfile.lock. Run 'pod install' or update your CocoaPods installation.\" >&2\n    exit 1\nfi\n# This output is used by Xcode 'outputs' to avoid re-running this script phase.\necho \"SUCCESS\" > \"${SCRIPT_OUTPUT_FILE_0}\"\n";
			showEnvVarsInLog = 0;
		};
		9BD5CCEBBCB3C17C2C6D8CB0 /* [CP] Copy Pods Resources */ = {
			isa = PBXShellScriptBuildPhase;
			buildActionMask = 2147483647;
			files = (
			);
			inputFileListPaths = (
			);
			inputPaths = (
				"${SRCROOT}/Pods/Target Support Files/Pods-THEOPlayerDemo/Pods-THEOPlayerDemo-resources.sh",
				"${PODS_ROOT}/google-cast-sdk/GoogleCastSDK-ios-4.3.1_static/GoogleCast.framework/GoogleCastCoreResources.bundle",
				"${PODS_ROOT}/google-cast-sdk/GoogleCastSDK-ios-4.3.1_static/GoogleCast.framework/GoogleCastUIResources.bundle",
			);
			name = "[CP] Copy Pods Resources";
			outputFileListPaths = (
			);
			outputPaths = (
				"${TARGET_BUILD_DIR}/${UNLOCALIZED_RESOURCES_FOLDER_PATH}/GoogleCastCoreResources.bundle",
				"${TARGET_BUILD_DIR}/${UNLOCALIZED_RESOURCES_FOLDER_PATH}/GoogleCastUIResources.bundle",
			);
			runOnlyForDeploymentPostprocessing = 0;
			shellPath = /bin/sh;
			shellScript = "\"${SRCROOT}/Pods/Target Support Files/Pods-THEOPlayerDemo/Pods-THEOPlayerDemo-resources.sh\"\n";
			showEnvVarsInLog = 0;
		};
/* End PBXShellScriptBuildPhase section */

/* Begin PBXSourcesBuildPhase section */
		2BE9966521601025000B8C12 /* Sources */ = {
			isa = PBXSourcesBuildPhase;
			buildActionMask = 2147483647;
			files = (
				2B6C59952161430F00D83D2C /* FeatureCell.swift in Sources */,
				2B6C599121613EA900D83D2C /* SubtitlesController.swift in Sources */,
				2BE9966D21601025000B8C12 /* AppDelegate.swift in Sources */,
				2B6C598C216135AA00D83D2C /* FeaturesController.swift in Sources */,
				2B6C599821614CFE00D83D2C /* UIColor+Hex.swift in Sources */,
			);
			runOnlyForDeploymentPostprocessing = 0;
		};
/* End PBXSourcesBuildPhase section */

/* Begin PBXVariantGroup section */
		2BE9967521601026000B8C12 /* LaunchScreen.storyboard */ = {
			isa = PBXVariantGroup;
			children = (
				2BE9967621601026000B8C12 /* Base */,
			);
			name = LaunchScreen.storyboard;
			sourceTree = "<group>";
		};
/* End PBXVariantGroup section */

/* Begin XCBuildConfiguration section */
		2BE9967921601026000B8C12 /* Debug */ = {
			isa = XCBuildConfiguration;
			buildSettings = {
				ALWAYS_SEARCH_USER_PATHS = NO;
				CLANG_ANALYZER_NONNULL = YES;
				CLANG_ANALYZER_NUMBER_OBJECT_CONVERSION = YES_AGGRESSIVE;
				CLANG_CXX_LANGUAGE_STANDARD = "gnu++14";
				CLANG_CXX_LIBRARY = "libc++";
				CLANG_ENABLE_MODULES = YES;
				CLANG_ENABLE_OBJC_ARC = YES;
				CLANG_ENABLE_OBJC_WEAK = YES;
				CLANG_WARN_BLOCK_CAPTURE_AUTORELEASING = YES;
				CLANG_WARN_BOOL_CONVERSION = YES;
				CLANG_WARN_COMMA = YES;
				CLANG_WARN_CONSTANT_CONVERSION = YES;
				CLANG_WARN_DEPRECATED_OBJC_IMPLEMENTATIONS = YES;
				CLANG_WARN_DIRECT_OBJC_ISA_USAGE = YES_ERROR;
				CLANG_WARN_DOCUMENTATION_COMMENTS = YES;
				CLANG_WARN_EMPTY_BODY = YES;
				CLANG_WARN_ENUM_CONVERSION = YES;
				CLANG_WARN_INFINITE_RECURSION = YES;
				CLANG_WARN_INT_CONVERSION = YES;
				CLANG_WARN_NON_LITERAL_NULL_CONVERSION = YES;
				CLANG_WARN_OBJC_IMPLICIT_RETAIN_SELF = YES;
				CLANG_WARN_OBJC_LITERAL_CONVERSION = YES;
				CLANG_WARN_OBJC_ROOT_CLASS = YES_ERROR;
				CLANG_WARN_RANGE_LOOP_ANALYSIS = YES;
				CLANG_WARN_STRICT_PROTOTYPES = YES;
				CLANG_WARN_SUSPICIOUS_MOVE = YES;
				CLANG_WARN_UNGUARDED_AVAILABILITY = YES_AGGRESSIVE;
				CLANG_WARN_UNREACHABLE_CODE = YES;
				CLANG_WARN__DUPLICATE_METHOD_MATCH = YES;
				CODE_SIGN_IDENTITY = "iPhone Developer";
				COPY_PHASE_STRIP = NO;
				DEBUG_INFORMATION_FORMAT = dwarf;
				ENABLE_STRICT_OBJC_MSGSEND = YES;
				ENABLE_TESTABILITY = YES;
				GCC_C_LANGUAGE_STANDARD = gnu11;
				GCC_DYNAMIC_NO_PIC = NO;
				GCC_NO_COMMON_BLOCKS = YES;
				GCC_OPTIMIZATION_LEVEL = 0;
				GCC_PREPROCESSOR_DEFINITIONS = (
					"DEBUG=1",
					"$(inherited)",
				);
				GCC_WARN_64_TO_32_BIT_CONVERSION = YES;
				GCC_WARN_ABOUT_RETURN_TYPE = YES_ERROR;
				GCC_WARN_UNDECLARED_SELECTOR = YES;
				GCC_WARN_UNINITIALIZED_AUTOS = YES_AGGRESSIVE;
				GCC_WARN_UNUSED_FUNCTION = YES;
				GCC_WARN_UNUSED_VARIABLE = YES;
				IPHONEOS_DEPLOYMENT_TARGET = 12.0;
				MTL_ENABLE_DEBUG_INFO = INCLUDE_SOURCE;
				MTL_FAST_MATH = YES;
				ONLY_ACTIVE_ARCH = YES;
				SDKROOT = iphoneos;
				SWIFT_ACTIVE_COMPILATION_CONDITIONS = DEBUG;
				SWIFT_OPTIMIZATION_LEVEL = "-Onone";
			};
			name = Debug;
		};
		2BE9967A21601026000B8C12 /* Release */ = {
			isa = XCBuildConfiguration;
			buildSettings = {
				ALWAYS_SEARCH_USER_PATHS = NO;
				CLANG_ANALYZER_NONNULL = YES;
				CLANG_ANALYZER_NUMBER_OBJECT_CONVERSION = YES_AGGRESSIVE;
				CLANG_CXX_LANGUAGE_STANDARD = "gnu++14";
				CLANG_CXX_LIBRARY = "libc++";
				CLANG_ENABLE_MODULES = YES;
				CLANG_ENABLE_OBJC_ARC = YES;
				CLANG_ENABLE_OBJC_WEAK = YES;
				CLANG_WARN_BLOCK_CAPTURE_AUTORELEASING = YES;
				CLANG_WARN_BOOL_CONVERSION = YES;
				CLANG_WARN_COMMA = YES;
				CLANG_WARN_CONSTANT_CONVERSION = YES;
				CLANG_WARN_DEPRECATED_OBJC_IMPLEMENTATIONS = YES;
				CLANG_WARN_DIRECT_OBJC_ISA_USAGE = YES_ERROR;
				CLANG_WARN_DOCUMENTATION_COMMENTS = YES;
				CLANG_WARN_EMPTY_BODY = YES;
				CLANG_WARN_ENUM_CONVERSION = YES;
				CLANG_WARN_INFINITE_RECURSION = YES;
				CLANG_WARN_INT_CONVERSION = YES;
				CLANG_WARN_NON_LITERAL_NULL_CONVERSION = YES;
				CLANG_WARN_OBJC_IMPLICIT_RETAIN_SELF = YES;
				CLANG_WARN_OBJC_LITERAL_CONVERSION = YES;
				CLANG_WARN_OBJC_ROOT_CLASS = YES_ERROR;
				CLANG_WARN_RANGE_LOOP_ANALYSIS = YES;
				CLANG_WARN_STRICT_PROTOTYPES = YES;
				CLANG_WARN_SUSPICIOUS_MOVE = YES;
				CLANG_WARN_UNGUARDED_AVAILABILITY = YES_AGGRESSIVE;
				CLANG_WARN_UNREACHABLE_CODE = YES;
				CLANG_WARN__DUPLICATE_METHOD_MATCH = YES;
				CODE_SIGN_IDENTITY = "iPhone Developer";
				COPY_PHASE_STRIP = NO;
				DEBUG_INFORMATION_FORMAT = "dwarf-with-dsym";
				ENABLE_NS_ASSERTIONS = NO;
				ENABLE_STRICT_OBJC_MSGSEND = YES;
				GCC_C_LANGUAGE_STANDARD = gnu11;
				GCC_NO_COMMON_BLOCKS = YES;
				GCC_WARN_64_TO_32_BIT_CONVERSION = YES;
				GCC_WARN_ABOUT_RETURN_TYPE = YES_ERROR;
				GCC_WARN_UNDECLARED_SELECTOR = YES;
				GCC_WARN_UNINITIALIZED_AUTOS = YES_AGGRESSIVE;
				GCC_WARN_UNUSED_FUNCTION = YES;
				GCC_WARN_UNUSED_VARIABLE = YES;
				IPHONEOS_DEPLOYMENT_TARGET = 12.0;
				MTL_ENABLE_DEBUG_INFO = NO;
				MTL_FAST_MATH = YES;
				SDKROOT = iphoneos;
				SWIFT_COMPILATION_MODE = wholemodule;
				SWIFT_OPTIMIZATION_LEVEL = "-O";
				VALIDATE_PRODUCT = YES;
			};
			name = Release;
		};
		2BE9967C21601026000B8C12 /* Debug */ = {
			isa = XCBuildConfiguration;
			baseConfigurationReference = 98EBDA7CFC00CEEB9A2618F5 /* Pods-THEOPlayerDemo.debug.xcconfig */;
			buildSettings = {
				ASSETCATALOG_COMPILER_APPICON_NAME = AppIcon;
				CODE_SIGN_STYLE = Automatic;
				FRAMEWORK_SEARCH_PATHS = (
					"$(inherited)",
					"$(PROJECT_DIR)",
				);
				INFOPLIST_FILE = THEOPlayerDemo/Info.plist;
				LD_RUNPATH_SEARCH_PATHS = (
					"$(inherited)",
					"@executable_path/Frameworks",
				);
				PRODUCT_BUNDLE_IDENTIFIER = com.slobo.THEOPlayerDemo;
				PRODUCT_NAME = "$(TARGET_NAME)";
				SWIFT_VERSION = 4.2;
				TARGETED_DEVICE_FAMILY = 1;
			};
			name = Debug;
		};
		2BE9967D21601026000B8C12 /* Release */ = {
			isa = XCBuildConfiguration;
			baseConfigurationReference = 494C09078971DCFA2935F5EA /* Pods-THEOPlayerDemo.release.xcconfig */;
			buildSettings = {
				ASSETCATALOG_COMPILER_APPICON_NAME = AppIcon;
				CODE_SIGN_STYLE = Automatic;
				FRAMEWORK_SEARCH_PATHS = (
					"$(inherited)",
					"$(PROJECT_DIR)",
				);
				INFOPLIST_FILE = THEOPlayerDemo/Info.plist;
				LD_RUNPATH_SEARCH_PATHS = (
					"$(inherited)",
					"@executable_path/Frameworks",
				);
				PRODUCT_BUNDLE_IDENTIFIER = com.slobo.THEOPlayerDemo;
				PRODUCT_NAME = "$(TARGET_NAME)";
				SWIFT_VERSION = 4.2;
				TARGETED_DEVICE_FAMILY = 1;
			};
			name = Release;
		};
/* End XCBuildConfiguration section */

/* Begin XCConfigurationList section */
		2BE9966421601025000B8C12 /* Build configuration list for PBXProject "THEOPlayerDemo" */ = {
			isa = XCConfigurationList;
			buildConfigurations = (
				2BE9967921601026000B8C12 /* Debug */,
				2BE9967A21601026000B8C12 /* Release */,
			);
			defaultConfigurationIsVisible = 0;
			defaultConfigurationName = Release;
		};
		2BE9967B21601026000B8C12 /* Build configuration list for PBXNativeTarget "THEOPlayerDemo" */ = {
			isa = XCConfigurationList;
			buildConfigurations = (
				2BE9967C21601026000B8C12 /* Debug */,
				2BE9967D21601026000B8C12 /* Release */,
			);
			defaultConfigurationIsVisible = 0;
			defaultConfigurationName = Release;
		};
/* End XCConfigurationList section */
	};
	rootObject = 2BE9966121601025000B8C12 /* Project object */;
}
